
Microsoft Visual Studio Solution File, Format Version 12.00
# Visual Studio 15
VisualStudioVersion = 15.0.26430.12
MinimumVisualStudioVersion = 10.0.40219.1
Project("{FAE04EC0-301F-11D3-BF4B-00C04F79EFBC}") = "WebAppAng", "WebAppAng\WebAppAng.csproj", "{4709668B-51F5-4131-8B68-C5A39CE51DDD}"
EndProject
Global
	GlobalSection(SolutionConfigurationPlatforms) = preSolution
		Debug|Any CPU = Debug|Any CPU
		Release|Any CPU = Release|Any CPU
	EndGlobalSection
	GlobalSection(ProjectConfigurationPlatforms) = postSolution
		{4709668B-51F5-4131-8B68-C5A39CE51DDD}.Debug|Any CPU.ActiveCfg = Debug|Any CPU
		{4709668B-51F5-4131-8B68-C5A39CE51DDD}.Debug|Any CPU.Build.0 = Debug|Any CPU
		{4709668B-51F5-4131-8B68-C5A39CE51DDD}.Release|Any CPU.ActiveCfg = Release|Any CPU
		{4709668B-51F5-4131-8B68-C5A39CE51DDD}.Release|Any CPU.Build.0 = Release|Any CPU
	EndGlobalSection
	GlobalSection(SolutionProperties) = preSolution
		HideSolutionNode = FALSE
	EndGlobalSection
EndGlobal
